
Microsoft Visual Studio Solution File, Format Version 12.00
# Visual Studio Version 17
VisualStudioVersion = 17.5.002.0
MinimumVisualStudioVersion = 10.0.40219.1
Project("{9A19103F-16F7-4668-BE54-9A1E7A4F7556}") = "BlazorApp1", "BlazorApp1.csproj", "{E04C8962-8B99-41F3-B1D0-A72601D0BB69}"
EndProject
Global
	GlobalSection(SolutionConfigurationPlatforms) = preSolution
		Debug|Any CPU = Debug|Any CPU
		Release|Any CPU = Release|Any CPU
	EndGlobalSection
	GlobalSection(ProjectConfigurationPlatforms) = postSolution
		{E04C8962-8B99-41F3-B1D0-A72601D0BB69}.Debug|Any CPU.ActiveCfg = Debug|Any CPU
		{E04C8962-8B99-41F3-B1D0-A72601D0BB69}.Debug|Any CPU.Build.0 = Debug|Any CPU
		{E04C8962-8B99-41F3-B1D0-A72601D0BB69}.Release|Any CPU.ActiveCfg = Release|Any CPU
		{E04C8962-8B99-41F3-B1D0-A72601D0BB69}.Release|Any CPU.Build.0 = Release|Any CPU
	EndGlobalSection
	GlobalSection(SolutionProperties) = preSolution
		HideSolutionNode = FALSE
	EndGlobalSection
	GlobalSection(ExtensibilityGlobals) = postSolution
		SolutionGuid = {B4F0F274-F7B3-4349-8A63-FB3F1AB2A128}
	EndGlobalSection
EndGlobal
